
Microsoft Visual Studio Solution File, Format Version 12.00
# Visual Studio Version 17
VisualStudioVersion = 17.5.33530.505
MinimumVisualStudioVersion = 10.0.40219.1
Project("{FAE04EC0-301F-11D3-BF4B-00C04F79EFBC}") = "WebApplication", "WebApplication\WebApplication.csproj", "{4D8C3FC3-8307-4748-A513-3A24B9885040}"
EndProject
Global
	GlobalSection(SolutionConfigurationPlatforms) = preSolution
		Debug|Any CPU = Debug|Any CPU
		Release|Any CPU = Release|Any CPU
	EndGlobalSection
	GlobalSection(ProjectConfigurationPlatforms) = postSolution
		{4D8C3FC3-8307-4748-A513-3A24B9885040}.Debug|Any CPU.ActiveCfg = Debug|Any CPU
		{4D8C3FC3-8307-4748-A513-3A24B9885040}.Debug|Any CPU.Build.0 = Debug|Any CPU
		{4D8C3FC3-8307-4748-A513-3A24B9885040}.Release|Any CPU.ActiveCfg = Release|Any CPU
		{4D8C3FC3-8307-4748-A513-3A24B9885040}.Release|Any CPU.Build.0 = Release|Any CPU
	EndGlobalSection
	GlobalSection(SolutionProperties) = preSolution
		HideSolutionNode = FALSE
	EndGlobalSection
	GlobalSection(ExtensibilityGlobals) = postSolution
		SolutionGuid = {2D5A6951-99D0-4CE0-9D92-AFE4DCBEF96E}
	EndGlobalSection
EndGlobal
